{
  "originHash" : "9ab9352227e857825045c2f6df389661744b38c270ccd74606369b4825139106",
  "pins" : [
    {
      "identity" : "swiftui-pausable-animation",
      "kind" : "remoteSourceControl",
      "location" : "https://github.com/globulus/swiftui-pausable-animation",
      "state" : {
        "revision" : "b6bf4fe47299f8c8d4be7c99bdba962d65ee200e",
        "version" : "1.0.0"
      }
    }
  ],
  "version" : 3
}
